
Microsoft Visual Studio Solution File, Format Version 12.00
# Visual Studio Version 17
VisualStudioVersion = 17.7.34018.315
MinimumVisualStudioVersion = 10.0.40219.1
Project("{FAE04EC0-301F-11D3-BF4B-00C04F79EFBC}") = "Llama", "Llama\Llama.csproj", "{0E293BEF-4881-487F-9772-F3874D631502}"
EndProject
Global
	GlobalSection(SolutionConfigurationPlatforms) = preSolution
		Debug|Any CPU = Debug|Any CPU
		Release|Any CPU = Release|Any CPU
	EndGlobalSection
	GlobalSection(ProjectConfigurationPlatforms) = postSolution
		{0E293BEF-4881-487F-9772-F3874D631502}.Debug|Any CPU.ActiveCfg = Debug|Any CPU
		{0E293BEF-4881-487F-9772-F3874D631502}.Debug|Any CPU.Build.0 = Debug|Any CPU
		{0E293BEF-4881-487F-9772-F3874D631502}.Release|Any CPU.ActiveCfg = Release|Any CPU
		{0E293BEF-4881-487F-9772-F3874D631502}.Release|Any CPU.Build.0 = Release|Any CPU
	EndGlobalSection
	GlobalSection(SolutionProperties) = preSolution
		HideSolutionNode = FALSE
	EndGlobalSection
	GlobalSection(ExtensibilityGlobals) = postSolution
		SolutionGuid = {A900737A-60AD-4C33-99AE-EF50690933A6}
	EndGlobalSection
EndGlobal
